// !$*UTF8*$!
{
	archiveVersion = 1;
	classes = {
	};
	objectVersion = 56;
	objects = {

/* Begin PBXBuildFile section */
		7B351392A8A40E665A5929BE /* Pods_fareSnapTests.framework in Frameworks */ = {isa = PBXBuildFile; fileRef = C118DD324B3C0C009DE9AEEA /* Pods_fareSnapTests.framework */; };
		A4C7DFFAE3147695255EA600 /* Pods_fareSnap_fareSnapUITests.framework in Frameworks */ = {isa = PBXBuildFile; fileRef = D70DEB56BCB51C5F5822C022 /* Pods_fareSnap_fareSnapUITests.framework */; };
		CB5709882CE29E6700428A9B /* fareSnapApp.swift in Sources */ = {isa = PBXBuildFile; fileRef = CB5709872CE29E6700428A9B /* fareSnapApp.swift */; };
		CB57098A2CE29E6700428A9B /* ContentView.swift in Sources */ = {isa = PBXBuildFile; fileRef = CB5709892CE29E6700428A9B /* ContentView.swift */; };
		CB57098C2CE29E6700428A9B /* Item.swift in Sources */ = {isa = PBXBuildFile; fileRef = CB57098B2CE29E6700428A9B /* Item.swift */; };
		CB57098E2CE29E6700428A9B /* Assets.xcassets in Resources */ = {isa = PBXBuildFile; fileRef = CB57098D2CE29E6700428A9B /* Assets.xcassets */; };
		CB5709912CE29E6700428A9B /* Preview Assets.xcassets in Resources */ = {isa = PBXBuildFile; fileRef = CB5709902CE29E6700428A9B /* Preview Assets.xcassets */; };
		CB57099B2CE29E6800428A9B /* fareSnapTests.swift in Sources */ = {isa = PBXBuildFile; fileRef = CB57099A2CE29E6800428A9B /* fareSnapTests.swift */; };
		CB5709A52CE29E6800428A9B /* fareSnapUITests.swift in Sources */ = {isa = PBXBuildFile; fileRef = CB5709A42CE29E6800428A9B /* fareSnapUITests.swift */; };
		CB5709A72CE29E6800428A9B /* fareSnapUITestsLaunchTests.swift in Sources */ = {isa = PBXBuildFile; fileRef = CB5709A62CE29E6800428A9B /* fareSnapUITestsLaunchTests.swift */; };
		CB9EACA12CE2A13700BBB7AE /* GoogleMapView.swift in Sources */ = {isa = PBXBuildFile; fileRef = CB9EACA02CE2A13700BBB7AE /* GoogleMapView.swift */; };
		CB9EACA32CE2A55B00BBB7AE /* APIKeys.plist in Resources */ = {isa = PBXBuildFile; fileRef = CB9EACA22CE2A55B00BBB7AE /* APIKeys.plist */; };
		CBB35A0F2CFE9B47008E67EB /* SheetView.swift in Sources */ = {isa = PBXBuildFile; fileRef = CBB35A0E2CFE9B47008E67EB /* SheetView.swift */; };
		CBB35A112CFEA6F9008E67EB /* AppDelegate.swift in Sources */ = {isa = PBXBuildFile; fileRef = CBB35A102CFEA6F9008E67EB /* AppDelegate.swift */; };
		CE345BC49654E68671CD1683 /* Pods_fareSnap.framework in Frameworks */ = {isa = PBXBuildFile; fileRef = 6DEB9FF542598A5D31E138B6 /* Pods_fareSnap.framework */; };
/* End PBXBuildFile section */

/* Begin PBXContainerItemProxy section */
		CB5709972CE29E6800428A9B /* PBXContainerItemProxy */ = {
			isa = PBXContainerItemProxy;
			containerPortal = CB57097C2CE29E6700428A9B /* Project object */;
			proxyType = 1;
			remoteGlobalIDString = CB5709832CE29E6700428A9B;
			remoteInfo = fareSnap;
		};
		CB5709A12CE29E6800428A9B /* PBXContainerItemProxy */ = {
			isa = PBXContainerItemProxy;
			containerPortal = CB57097C2CE29E6700428A9B /* Project object */;
			proxyType = 1;
			remoteGlobalIDString = CB5709832CE29E6700428A9B;
			remoteInfo = fareSnap;
		};
/* End PBXContainerItemProxy section */

/* Begin PBXFileReference section */
		02CCD9ABF0D8AFE19C23750D /* Pods-fareSnap-fareSnapUITests.release.xcconfig */ = {isa = PBXFileReference; includeInIndex = 1; lastKnownFileType = text.xcconfig; name = "Pods-fareSnap-fareSnapUITests.release.xcconfig"; path = "Target Support Files/Pods-fareSnap-fareSnapUITests/Pods-fareSnap-fareSnapUITests.release.xcconfig"; sourceTree = "<group>"; };
		6DEB9FF542598A5D31E138B6 /* Pods_fareSnap.framework */ = {isa = PBXFileReference; explicitFileType = wrapper.framework; includeInIndex = 0; path = Pods_fareSnap.framework; sourceTree = BUILT_PRODUCTS_DIR; };
		71688E54441C70C5DA22E3A2 /* Pods-fareSnap.release.xcconfig */ = {isa = PBXFileReference; includeInIndex = 1; lastKnownFileType = text.xcconfig; name = "Pods-fareSnap.release.xcconfig"; path = "Target Support Files/Pods-fareSnap/Pods-fareSnap.release.xcconfig"; sourceTree = "<group>"; };
		78CF4EB494B9F33F66B1520E /* Pods-fareSnapTests.debug.xcconfig */ = {isa = PBXFileReference; includeInIndex = 1; lastKnownFileType = text.xcconfig; name = "Pods-fareSnapTests.debug.xcconfig"; path = "Target Support Files/Pods-fareSnapTests/Pods-fareSnapTests.debug.xcconfig"; sourceTree = "<group>"; };
		95EC2F37C194866342AFDB08 /* Pods-fareSnapTests.release.xcconfig */ = {isa = PBXFileReference; includeInIndex = 1; lastKnownFileType = text.xcconfig; name = "Pods-fareSnapTests.release.xcconfig"; path = "Target Support Files/Pods-fareSnapTests/Pods-fareSnapTests.release.xcconfig"; sourceTree = "<group>"; };
		C118DD324B3C0C009DE9AEEA /* Pods_fareSnapTests.framework */ = {isa = PBXFileReference; explicitFileType = wrapper.framework; includeInIndex = 0; path = Pods_fareSnapTests.framework; sourceTree = BUILT_PRODUCTS_DIR; };
		CB5709842CE29E6700428A9B /* fareSnap.app */ = {isa = PBXFileReference; explicitFileType = wrapper.application; includeInIndex = 0; path = fareSnap.app; sourceTree = BUILT_PRODUCTS_DIR; };
		CB5709872CE29E6700428A9B /* fareSnapApp.swift */ = {isa = PBXFileReference; lastKnownFileType = sourcecode.swift; path = fareSnapApp.swift; sourceTree = "<group>"; };
		CB5709892CE29E6700428A9B /* ContentView.swift */ = {isa = PBXFileReference; lastKnownFileType = sourcecode.swift; path = ContentView.swift; sourceTree = "<group>"; };
		CB57098B2CE29E6700428A9B /* Item.swift */ = {isa = PBXFileReference; lastKnownFileType = sourcecode.swift; path = Item.swift; sourceTree = "<group>"; };
		CB57098D2CE29E6700428A9B /* Assets.xcassets */ = {isa = PBXFileReference; lastKnownFileType = folder.assetcatalog; path = Assets.xcassets; sourceTree = "<group>"; };
		CB5709902CE29E6700428A9B /* Preview Assets.xcassets */ = {isa = PBXFileReference; lastKnownFileType = folder.assetcatalog; path = "Preview Assets.xcassets"; sourceTree = "<group>"; };
		CB5709962CE29E6800428A9B /* fareSnapTests.xctest */ = {isa = PBXFileReference; explicitFileType = wrapper.cfbundle; includeInIndex = 0; path = fareSnapTests.xctest; sourceTree = BUILT_PRODUCTS_DIR; };
		CB57099A2CE29E6800428A9B /* fareSnapTests.swift */ = {isa = PBXFileReference; lastKnownFileType = sourcecode.swift; path = fareSnapTests.swift; sourceTree = "<group>"; };
		CB5709A02CE29E6800428A9B /* fareSnapUITests.xctest */ = {isa = PBXFileReference; explicitFileType = wrapper.cfbundle; includeInIndex = 0; path = fareSnapUITests.xctest; sourceTree = BUILT_PRODUCTS_DIR; };
		CB5709A42CE29E6800428A9B /* fareSnapUITests.swift */ = {isa = PBXFileReference; lastKnownFileType = sourcecode.swift; path = fareSnapUITests.swift; sourceTree = "<group>"; };
		CB5709A62CE29E6800428A9B /* fareSnapUITestsLaunchTests.swift */ = {isa = PBXFileReference; lastKnownFileType = sourcecode.swift; path = fareSnapUITestsLaunchTests.swift; sourceTree = "<group>"; };
		CB9EACA02CE2A13700BBB7AE /* GoogleMapView.swift */ = {isa = PBXFileReference; lastKnownFileType = sourcecode.swift; path = GoogleMapView.swift; sourceTree = "<group>"; };
		CB9EACA22CE2A55B00BBB7AE /* APIKeys.plist */ = {isa = PBXFileReference; fileEncoding = 4; lastKnownFileType = text.plist.xml; path = APIKeys.plist; sourceTree = "<group>"; };
		CBB35A0E2CFE9B47008E67EB /* SheetView.swift */ = {isa = PBXFileReference; lastKnownFileType = sourcecode.swift; path = SheetView.swift; sourceTree = "<group>"; };
		CBB35A102CFEA6F9008E67EB /* AppDelegate.swift */ = {isa = PBXFileReference; lastKnownFileType = sourcecode.swift; path = AppDelegate.swift; sourceTree = "<group>"; };
		D70DEB56BCB51C5F5822C022 /* Pods_fareSnap_fareSnapUITests.framework */ = {isa = PBXFileReference; explicitFileType = wrapper.framework; includeInIndex = 0; path = Pods_fareSnap_fareSnapUITests.framework; sourceTree = BUILT_PRODUCTS_DIR; };
		DF0846C59E7CA28802922A84 /* Pods-fareSnap.debug.xcconfig */ = {isa = PBXFileReference; includeInIndex = 1; lastKnownFileType = text.xcconfig; name = "Pods-fareSnap.debug.xcconfig"; path = "Target Support Files/Pods-fareSnap/Pods-fareSnap.debug.xcconfig"; sourceTree = "<group>"; };
		EA9FC8EC50F1626EA6301C7C /* Pods-fareSnap-fareSnapUITests.debug.xcconfig */ = {isa = PBXFileReference; includeInIndex = 1; lastKnownFileType = text.xcconfig; name = "Pods-fareSnap-fareSnapUITests.debug.xcconfig"; path = "Target Support Files/Pods-fareSnap-fareSnapUITests/Pods-fareSnap-fareSnapUITests.debug.xcconfig"; sourceTree = "<group>"; };
/* End PBXFileReference section */

/* Begin PBXFrameworksBuildPhase section */
		CB5709812CE29E6700428A9B /* Frameworks */ = {
			isa = PBXFrameworksBuildPhase;
			buildActionMask = 2147483647;
			files = (
				CE345BC49654E68671CD1683 /* Pods_fareSnap.framework in Frameworks */,
			);
			runOnlyForDeploymentPostprocessing = 0;
		};
		CB5709932CE29E6800428A9B /* Frameworks */ = {
			isa = PBXFrameworksBuildPhase;
			buildActionMask = 2147483647;
			files = (
				7B351392A8A40E665A5929BE /* Pods_fareSnapTests.framework in Frameworks */,
			);
			runOnlyForDeploymentPostprocessing = 0;
		};
		CB57099D2CE29E6800428A9B /* Frameworks */ = {
			isa = PBXFrameworksBuildPhase;
			buildActionMask = 2147483647;
			files = (
				A4C7DFFAE3147695255EA600 /* Pods_fareSnap_fareSnapUITests.framework in Frameworks */,
			);
			runOnlyForDeploymentPostprocessing = 0;
		};
/* End PBXFrameworksBuildPhase section */

/* Begin PBXGroup section */
		159B60DCC466BF389B2EC426 /* Frameworks */ = {
			isa = PBXGroup;
			children = (
				6DEB9FF542598A5D31E138B6 /* Pods_fareSnap.framework */,
				D70DEB56BCB51C5F5822C022 /* Pods_fareSnap_fareSnapUITests.framework */,
				C118DD324B3C0C009DE9AEEA /* Pods_fareSnapTests.framework */,
			);
			name = Frameworks;
			sourceTree = "<group>";
		};
		630EC1EB5B41CB5B467C03B4 /* Pods */ = {
			isa = PBXGroup;
			children = (
				DF0846C59E7CA28802922A84 /* Pods-fareSnap.debug.xcconfig */,
				71688E54441C70C5DA22E3A2 /* Pods-fareSnap.release.xcconfig */,
				EA9FC8EC50F1626EA6301C7C /* Pods-fareSnap-fareSnapUITests.debug.xcconfig */,
				02CCD9ABF0D8AFE19C23750D /* Pods-fareSnap-fareSnapUITests.release.xcconfig */,
				78CF4EB494B9F33F66B1520E /* Pods-fareSnapTests.debug.xcconfig */,
				95EC2F37C194866342AFDB08 /* Pods-fareSnapTests.release.xcconfig */,
			);
			path = Pods;
			sourceTree = "<group>";
		};
		CB57097B2CE29E6700428A9B = {
			isa = PBXGroup;
			children = (
				CB5709862CE29E6700428A9B /* fareSnap */,
				CB5709992CE29E6800428A9B /* fareSnapTests */,
				CB5709A32CE29E6800428A9B /* fareSnapUITests */,
				CB5709852CE29E6700428A9B /* Products */,
				630EC1EB5B41CB5B467C03B4 /* Pods */,
				159B60DCC466BF389B2EC426 /* Frameworks */,
			);
			sourceTree = "<group>";
		};
		CB5709852CE29E6700428A9B /* Products */ = {
			isa = PBXGroup;
			children = (
				CB5709842CE29E6700428A9B /* fareSnap.app */,
				CB5709962CE29E6800428A9B /* fareSnapTests.xctest */,
				CB5709A02CE29E6800428A9B /* fareSnapUITests.xctest */,
			);
			name = Products;
			sourceTree = "<group>";
		};
		CB5709862CE29E6700428A9B /* fareSnap */ = {
			isa = PBXGroup;
			children = (
				CBB35A0D2CFE9B36008E67EB /* views */,
				CB9EACA22CE2A55B00BBB7AE /* APIKeys.plist */,
				CB5709872CE29E6700428A9B /* fareSnapApp.swift */,
				CB5709892CE29E6700428A9B /* ContentView.swift */,
				CB57098B2CE29E6700428A9B /* Item.swift */,
				CB57098D2CE29E6700428A9B /* Assets.xcassets */,
				CB57098F2CE29E6700428A9B /* Preview Content */,
				CB9EACA02CE2A13700BBB7AE /* GoogleMapView.swift */,
				CBB35A102CFEA6F9008E67EB /* AppDelegate.swift */,
			);
			path = fareSnap;
			sourceTree = "<group>";
		};
		CB57098F2CE29E6700428A9B /* Preview Content */ = {
			isa = PBXGroup;
			children = (
				CB5709902CE29E6700428A9B /* Preview Assets.xcassets */,
			);
			path = "Preview Content";
			sourceTree = "<group>";
		};
		CB5709992CE29E6800428A9B /* fareSnapTests */ = {
			isa = PBXGroup;
			children = (
				CB57099A2CE29E6800428A9B /* fareSnapTests.swift */,
			);
			path = fareSnapTests;
			sourceTree = "<group>";
		};
		CB5709A32CE29E6800428A9B /* fareSnapUITests */ = {
			isa = PBXGroup;
			children = (
				CB5709A42CE29E6800428A9B /* fareSnapUITests.swift */,
				CB5709A62CE29E6800428A9B /* fareSnapUITestsLaunchTests.swift */,
			);
			path = fareSnapUITests;
			sourceTree = "<group>";
		};
		CBB35A0D2CFE9B36008E67EB /* views */ = {
			isa = PBXGroup;
			children = (
				CBB35A0E2CFE9B47008E67EB /* SheetView.swift */,
			);
			path = views;
			sourceTree = "<group>";
		};
/* End PBXGroup section */

/* Begin PBXNativeTarget section */
		CB5709832CE29E6700428A9B /* fareSnap */ = {
			isa = PBXNativeTarget;
			buildConfigurationList = CB5709AA2CE29E6800428A9B /* Build configuration list for PBXNativeTarget "fareSnap" */;
			buildPhases = (
				C7676C628E6905C166044887 /* [CP] Check Pods Manifest.lock */,
				CB5709802CE29E6700428A9B /* Sources */,
				CB5709812CE29E6700428A9B /* Frameworks */,
				CB5709822CE29E6700428A9B /* Resources */,
				253B1F9E2DB8182DFE168881 /* [CP] Embed Pods Frameworks */,
			);
			buildRules = (
			);
			dependencies = (
			);
			name = fareSnap;
			productName = fareSnap;
			productReference = CB5709842CE29E6700428A9B /* fareSnap.app */;
			productType = "com.apple.product-type.application";
		};
		CB5709952CE29E6800428A9B /* fareSnapTests */ = {
			isa = PBXNativeTarget;
			buildConfigurationList = CB5709AD2CE29E6800428A9B /* Build configuration list for PBXNativeTarget "fareSnapTests" */;
			buildPhases = (
				07097910E611A6F301B7BED0 /* [CP] Check Pods Manifest.lock */,
				CB5709922CE29E6800428A9B /* Sources */,
				CB5709932CE29E6800428A9B /* Frameworks */,
				CB5709942CE29E6800428A9B /* Resources */,
			);
			buildRules = (
			);
			dependencies = (
				CB5709982CE29E6800428A9B /* PBXTargetDependency */,
			);
			name = fareSnapTests;
			productName = fareSnapTests;
			productReference = CB5709962CE29E6800428A9B /* fareSnapTests.xctest */;
			productType = "com.apple.product-type.bundle.unit-test";
		};
		CB57099F2CE29E6800428A9B /* fareSnapUITests */ = {
			isa = PBXNativeTarget;
			buildConfigurationList = CB5709B02CE29E6800428A9B /* Build configuration list for PBXNativeTarget "fareSnapUITests" */;
			buildPhases = (
				658FCE58EA8DD33C4E4BE5FB /* [CP] Check Pods Manifest.lock */,
				CB57099C2CE29E6800428A9B /* Sources */,
				CB57099D2CE29E6800428A9B /* Frameworks */,
				CB57099E2CE29E6800428A9B /* Resources */,
				B54D3B93F1177F78DB55D215 /* [CP] Embed Pods Frameworks */,
			);
			buildRules = (
			);
			dependencies = (
				CB5709A22CE29E6800428A9B /* PBXTargetDependency */,
			);
			name = fareSnapUITests;
			productName = fareSnapUITests;
			productReference = CB5709A02CE29E6800428A9B /* fareSnapUITests.xctest */;
			productType = "com.apple.product-type.bundle.ui-testing";
		};
/* End PBXNativeTarget section */

/* Begin PBXProject section */
		CB57097C2CE29E6700428A9B /* Project object */ = {
			isa = PBXProject;
			attributes = {
				BuildIndependentTargetsInParallel = 1;
				LastSwiftUpdateCheck = 1520;
				LastUpgradeCheck = 1520;
				TargetAttributes = {
					CB5709832CE29E6700428A9B = {
						CreatedOnToolsVersion = 15.2;
					};
					CB5709952CE29E6800428A9B = {
						CreatedOnToolsVersion = 15.2;
						TestTargetID = CB5709832CE29E6700428A9B;
					};
					CB57099F2CE29E6800428A9B = {
						CreatedOnToolsVersion = 15.2;
						TestTargetID = CB5709832CE29E6700428A9B;
					};
				};
			};
			buildConfigurationList = CB57097F2CE29E6700428A9B /* Build configuration list for PBXProject "fareSnap" */;
			compatibilityVersion = "Xcode 14.0";
			developmentRegion = en;
			hasScannedForEncodings = 0;
			knownRegions = (
				en,
				Base,
			);
			mainGroup = CB57097B2CE29E6700428A9B;
			productRefGroup = CB5709852CE29E6700428A9B /* Products */;
			projectDirPath = "";
			projectRoot = "";
			targets = (
				CB5709832CE29E6700428A9B /* fareSnap */,
				CB5709952CE29E6800428A9B /* fareSnapTests */,
				CB57099F2CE29E6800428A9B /* fareSnapUITests */,
			);
		};
/* End PBXProject section */

/* Begin PBXResourcesBuildPhase section */
		CB5709822CE29E6700428A9B /* Resources */ = {
			isa = PBXResourcesBuildPhase;
			buildActionMask = 2147483647;
			files = (
				CB9EACA32CE2A55B00BBB7AE /* APIKeys.plist in Resources */,
				CB5709912CE29E6700428A9B /* Preview Assets.xcassets in Resources */,
				CB57098E2CE29E6700428A9B /* Assets.xcassets in Resources */,
			);
			runOnlyForDeploymentPostprocessing = 0;
		};
		CB5709942CE29E6800428A9B /* Resources */ = {
			isa = PBXResourcesBuildPhase;
			buildActionMask = 2147483647;
			files = (
			);
			runOnlyForDeploymentPostprocessing = 0;
		};
		CB57099E2CE29E6800428A9B /* Resources */ = {
			isa = PBXResourcesBuildPhase;
			buildActionMask = 2147483647;
			files = (
			);
			runOnlyForDeploymentPostprocessing = 0;
		};
/* End PBXResourcesBuildPhase section */

/* Begin PBXShellScriptBuildPhase section */
		07097910E611A6F301B7BED0 /* [CP] Check Pods Manifest.lock */ = {
			isa = PBXShellScriptBuildPhase;
			buildActionMask = 2147483647;
			files = (
			);
			inputFileListPaths = (
			);
			inputPaths = (
				"${PODS_PODFILE_DIR_PATH}/Podfile.lock",
				"${PODS_ROOT}/Manifest.lock",
			);
			name = "[CP] Check Pods Manifest.lock";
			outputFileListPaths = (
			);
			outputPaths = (
				"$(DERIVED_FILE_DIR)/Pods-fareSnapTests-checkManifestLockResult.txt",
			);
			runOnlyForDeploymentPostprocessing = 0;
			shellPath = /bin/sh;
			shellScript = "diff \"${PODS_PODFILE_DIR_PATH}/Podfile.lock\" \"${PODS_ROOT}/Manifest.lock\" > /dev/null\nif [ $? != 0 ] ; then\n    # print error to STDERR\n    echo \"error: The sandbox is not in sync with the Podfile.lock. Run 'pod install' or update your CocoaPods installation.\" >&2\n    exit 1\nfi\n# This output is used by Xcode 'outputs' to avoid re-running this script phase.\necho \"SUCCESS\" > \"${SCRIPT_OUTPUT_FILE_0}\"\n";
			showEnvVarsInLog = 0;
		};
		253B1F9E2DB8182DFE168881 /* [CP] Embed Pods Frameworks */ = {
			isa = PBXShellScriptBuildPhase;
			buildActionMask = 2147483647;
			files = (
			);
			inputFileListPaths = (
				"${PODS_ROOT}/Target Support Files/Pods-fareSnap/Pods-fareSnap-frameworks-${CONFIGURATION}-input-files.xcfilelist",
			);
			name = "[CP] Embed Pods Frameworks";
			outputFileListPaths = (
				"${PODS_ROOT}/Target Support Files/Pods-fareSnap/Pods-fareSnap-frameworks-${CONFIGURATION}-output-files.xcfilelist",
			);
			runOnlyForDeploymentPostprocessing = 0;
			shellPath = /bin/sh;
			shellScript = "\"${PODS_ROOT}/Target Support Files/Pods-fareSnap/Pods-fareSnap-frameworks.sh\"\n";
			showEnvVarsInLog = 0;
		};
		658FCE58EA8DD33C4E4BE5FB /* [CP] Check Pods Manifest.lock */ = {
			isa = PBXShellScriptBuildPhase;
			buildActionMask = 2147483647;
			files = (
			);
			inputFileListPaths = (
			);
			inputPaths = (
				"${PODS_PODFILE_DIR_PATH}/Podfile.lock",
				"${PODS_ROOT}/Manifest.lock",
			);
			name = "[CP] Check Pods Manifest.lock";
			outputFileListPaths = (
			);
			outputPaths = (
				"$(DERIVED_FILE_DIR)/Pods-fareSnap-fareSnapUITests-checkManifestLockResult.txt",
			);
			runOnlyForDeploymentPostprocessing = 0;
			shellPath = /bin/sh;
			shellScript = "diff \"${PODS_PODFILE_DIR_PATH}/Podfile.lock\" \"${PODS_ROOT}/Manifest.lock\" > /dev/null\nif [ $? != 0 ] ; then\n    # print error to STDERR\n    echo \"error: The sandbox is not in sync with the Podfile.lock. Run 'pod install' or update your CocoaPods installation.\" >&2\n    exit 1\nfi\n# This output is used by Xcode 'outputs' to avoid re-running this script phase.\necho \"SUCCESS\" > \"${SCRIPT_OUTPUT_FILE_0}\"\n";
			showEnvVarsInLog = 0;
		};
		B54D3B93F1177F78DB55D215 /* [CP] Embed Pods Frameworks */ = {
			isa = PBXShellScriptBuildPhase;
			buildActionMask = 2147483647;
			files = (
			);
			inputFileListPaths = (
				"${PODS_ROOT}/Target Support Files/Pods-fareSnap-fareSnapUITests/Pods-fareSnap-fareSnapUITests-frameworks-${CONFIGURATION}-input-files.xcfilelist",
			);
			name = "[CP] Embed Pods Frameworks";
			outputFileListPaths = (
				"${PODS_ROOT}/Target Support Files/Pods-fareSnap-fareSnapUITests/Pods-fareSnap-fareSnapUITests-frameworks-${CONFIGURATION}-output-files.xcfilelist",
			);
			runOnlyForDeploymentPostprocessing = 0;
			shellPath = /bin/sh;
			shellScript = "\"${PODS_ROOT}/Target Support Files/Pods-fareSnap-fareSnapUITests/Pods-fareSnap-fareSnapUITests-frameworks.sh\"\n";
			showEnvVarsInLog = 0;
		};
		C7676C628E6905C166044887 /* [CP] Check Pods Manifest.lock */ = {
			isa = PBXShellScriptBuildPhase;
			buildActionMask = 2147483647;
			files = (
			);
			inputFileListPaths = (
			);
			inputPaths = (
				"${PODS_PODFILE_DIR_PATH}/Podfile.lock",
				"${PODS_ROOT}/Manifest.lock",
			);
			name = "[CP] Check Pods Manifest.lock";
			outputFileListPaths = (
			);
			outputPaths = (
				"$(DERIVED_FILE_DIR)/Pods-fareSnap-checkManifestLockResult.txt",
			);
			runOnlyForDeploymentPostprocessing = 0;
			shellPath = /bin/sh;
			shellScript = "diff \"${PODS_PODFILE_DIR_PATH}/Podfile.lock\" \"${PODS_ROOT}/Manifest.lock\" > /dev/null\nif [ $? != 0 ] ; then\n    # print error to STDERR\n    echo \"error: The sandbox is not in sync with the Podfile.lock. Run 'pod install' or update your CocoaPods installation.\" >&2\n    exit 1\nfi\n# This output is used by Xcode 'outputs' to avoid re-running this script phase.\necho \"SUCCESS\" > \"${SCRIPT_OUTPUT_FILE_0}\"\n";
			showEnvVarsInLog = 0;
		};
/* End PBXShellScriptBuildPhase section */

/* Begin PBXSourcesBuildPhase section */
		CB5709802CE29E6700428A9B /* Sources */ = {
			isa = PBXSourcesBuildPhase;
			buildActionMask = 2147483647;
			files = (
				CBB35A112CFEA6F9008E67EB /* AppDelegate.swift in Sources */,
				CB9EACA12CE2A13700BBB7AE /* GoogleMapView.swift in Sources */,
				CB57098A2CE29E6700428A9B /* ContentView.swift in Sources */,
				CBB35A0F2CFE9B47008E67EB /* SheetView.swift in Sources */,
				CB57098C2CE29E6700428A9B /* Item.swift in Sources */,
				CB5709882CE29E6700428A9B /* fareSnapApp.swift in Sources */,
			);
			runOnlyForDeploymentPostprocessing = 0;
		};
		CB5709922CE29E6800428A9B /* Sources */ = {
			isa = PBXSourcesBuildPhase;
			buildActionMask = 2147483647;
			files = (
				CB57099B2CE29E6800428A9B /* fareSnapTests.swift in Sources */,
			);
			runOnlyForDeploymentPostprocessing = 0;
		};
		CB57099C2CE29E6800428A9B /* Sources */ = {
			isa = PBXSourcesBuildPhase;
			buildActionMask = 2147483647;
			files = (
				CB5709A72CE29E6800428A9B /* fareSnapUITestsLaunchTests.swift in Sources */,
				CB5709A52CE29E6800428A9B /* fareSnapUITests.swift in Sources */,
			);
			runOnlyForDeploymentPostprocessing = 0;
		};
/* End PBXSourcesBuildPhase section */

/* Begin PBXTargetDependency section */
		CB5709982CE29E6800428A9B /* PBXTargetDependency */ = {
			isa = PBXTargetDependency;
			target = CB5709832CE29E6700428A9B /* fareSnap */;
			targetProxy = CB5709972CE29E6800428A9B /* PBXContainerItemProxy */;
		};
		CB5709A22CE29E6800428A9B /* PBXTargetDependency */ = {
			isa = PBXTargetDependency;
			target = CB5709832CE29E6700428A9B /* fareSnap */;
			targetProxy = CB5709A12CE29E6800428A9B /* PBXContainerItemProxy */;
		};
/* End PBXTargetDependency section */

/* Begin XCBuildConfiguration section */
		CB5709A82CE29E6800428A9B /* Debug */ = {
			isa = XCBuildConfiguration;
			buildSettings = {
				ALWAYS_SEARCH_USER_PATHS = NO;
				ASSETCATALOG_COMPILER_GENERATE_SWIFT_ASSET_SYMBOL_EXTENSIONS = YES;
				CLANG_ANALYZER_NONNULL = YES;
				CLANG_ANALYZER_NUMBER_OBJECT_CONVERSION = YES_AGGRESSIVE;
				CLANG_CXX_LANGUAGE_STANDARD = "gnu++20";
				CLANG_ENABLE_MODULES = YES;
				CLANG_ENABLE_OBJC_ARC = YES;
				CLANG_ENABLE_OBJC_WEAK = YES;
				CLANG_WARN_BLOCK_CAPTURE_AUTORELEASING = YES;
				CLANG_WARN_BOOL_CONVERSION = YES;
				CLANG_WARN_COMMA = YES;
				CLANG_WARN_CONSTANT_CONVERSION = YES;
				CLANG_WARN_DEPRECATED_OBJC_IMPLEMENTATIONS = YES;
				CLANG_WARN_DIRECT_OBJC_ISA_USAGE = YES_ERROR;
				CLANG_WARN_DOCUMENTATION_COMMENTS = YES;
				CLANG_WARN_EMPTY_BODY = YES;
				CLANG_WARN_ENUM_CONVERSION = YES;
				CLANG_WARN_INFINITE_RECURSION = YES;
				CLANG_WARN_INT_CONVERSION = YES;
				CLANG_WARN_NON_LITERAL_NULL_CONVERSION = YES;
				CLANG_WARN_OBJC_IMPLICIT_RETAIN_SELF = YES;
				CLANG_WARN_OBJC_LITERAL_CONVERSION = YES;
				CLANG_WARN_OBJC_ROOT_CLASS = YES_ERROR;
				CLANG_WARN_QUOTED_INCLUDE_IN_FRAMEWORK_HEADER = YES;
				CLANG_WARN_RANGE_LOOP_ANALYSIS = YES;
				CLANG_WARN_STRICT_PROTOTYPES = YES;
				CLANG_WARN_SUSPICIOUS_MOVE = YES;
				CLANG_WARN_UNGUARDED_AVAILABILITY = YES_AGGRESSIVE;
				CLANG_WARN_UNREACHABLE_CODE = YES;
				CLANG_WARN__DUPLICATE_METHOD_MATCH = YES;
				COPY_PHASE_STRIP = NO;
				DEBUG_INFORMATION_FORMAT = dwarf;
				ENABLE_STRICT_OBJC_MSGSEND = YES;
				ENABLE_TESTABILITY = YES;
				ENABLE_USER_SCRIPT_SANDBOXING = YES;
				GCC_C_LANGUAGE_STANDARD = gnu17;
				GCC_DYNAMIC_NO_PIC = NO;
				GCC_NO_COMMON_BLOCKS = YES;
				GCC_OPTIMIZATION_LEVEL = 0;
				GCC_PREPROCESSOR_DEFINITIONS = (
					"DEBUG=1",
					"$(inherited)",
				);
				GCC_WARN_64_TO_32_BIT_CONVERSION = YES;
				GCC_WARN_ABOUT_RETURN_TYPE = YES_ERROR;
				GCC_WARN_UNDECLARED_SELECTOR = YES;
				GCC_WARN_UNINITIALIZED_AUTOS = YES_AGGRESSIVE;
				GCC_WARN_UNUSED_FUNCTION = YES;
				GCC_WARN_UNUSED_VARIABLE = YES;
				IPHONEOS_DEPLOYMENT_TARGET = 17.2;
				LOCALIZATION_PREFERS_STRING_CATALOGS = YES;
				MTL_ENABLE_DEBUG_INFO = INCLUDE_SOURCE;
				MTL_FAST_MATH = YES;
				ONLY_ACTIVE_ARCH = YES;
				SDKROOT = iphoneos;
				SWIFT_ACTIVE_COMPILATION_CONDITIONS = "DEBUG $(inherited)";
				SWIFT_OPTIMIZATION_LEVEL = "-Onone";
			};
			name = Debug;
		};
		CB5709A92CE29E6800428A9B /* Release */ = {
			isa = XCBuildConfiguration;
			buildSettings = {
				ALWAYS_SEARCH_USER_PATHS = NO;
				ASSETCATALOG_COMPILER_GENERATE_SWIFT_ASSET_SYMBOL_EXTENSIONS = YES;
				CLANG_ANALYZER_NONNULL = YES;
				CLANG_ANALYZER_NUMBER_OBJECT_CONVERSION = YES_AGGRESSIVE;
				CLANG_CXX_LANGUAGE_STANDARD = "gnu++20";
				CLANG_ENABLE_MODULES = YES;
				CLANG_ENABLE_OBJC_ARC = YES;
				CLANG_ENABLE_OBJC_WEAK = YES;
				CLANG_WARN_BLOCK_CAPTURE_AUTORELEASING = YES;
				CLANG_WARN_BOOL_CONVERSION = YES;
				CLANG_WARN_COMMA = YES;
				CLANG_WARN_CONSTANT_CONVERSION = YES;
				CLANG_WARN_DEPRECATED_OBJC_IMPLEMENTATIONS = YES;
				CLANG_WARN_DIRECT_OBJC_ISA_USAGE = YES_ERROR;
				CLANG_WARN_DOCUMENTATION_COMMENTS = YES;
				CLANG_WARN_EMPTY_BODY = YES;
				CLANG_WARN_ENUM_CONVERSION = YES;
				CLANG_WARN_INFINITE_RECURSION = YES;
				CLANG_WARN_INT_CONVERSION = YES;
				CLANG_WARN_NON_LITERAL_NULL_CONVERSION = YES;
				CLANG_WARN_OBJC_IMPLICIT_RETAIN_SELF = YES;
				CLANG_WARN_OBJC_LITERAL_CONVERSION = YES;
				CLANG_WARN_OBJC_ROOT_CLASS = YES_ERROR;
				CLANG_WARN_QUOTED_INCLUDE_IN_FRAMEWORK_HEADER = YES;
				CLANG_WARN_RANGE_LOOP_ANALYSIS = YES;
				CLANG_WARN_STRICT_PROTOTYPES = YES;
				CLANG_WARN_SUSPICIOUS_MOVE = YES;
				CLANG_WARN_UNGUARDED_AVAILABILITY = YES_AGGRESSIVE;
				CLANG_WARN_UNREACHABLE_CODE = YES;
				CLANG_WARN__DUPLICATE_METHOD_MATCH = YES;
				COPY_PHASE_STRIP = NO;
				DEBUG_INFORMATION_FORMAT = "dwarf-with-dsym";
				ENABLE_NS_ASSERTIONS = NO;
				ENABLE_STRICT_OBJC_MSGSEND = YES;
				ENABLE_USER_SCRIPT_SANDBOXING = YES;
				GCC_C_LANGUAGE_STANDARD = gnu17;
				GCC_NO_COMMON_BLOCKS = YES;
				GCC_WARN_64_TO_32_BIT_CONVERSION = YES;
				GCC_WARN_ABOUT_RETURN_TYPE = YES_ERROR;
				GCC_WARN_UNDECLARED_SELECTOR = YES;
				GCC_WARN_UNINITIALIZED_AUTOS = YES_AGGRESSIVE;
				GCC_WARN_UNUSED_FUNCTION = YES;
				GCC_WARN_UNUSED_VARIABLE = YES;
				IPHONEOS_DEPLOYMENT_TARGET = 17.2;
				LOCALIZATION_PREFERS_STRING_CATALOGS = YES;
				MTL_ENABLE_DEBUG_INFO = NO;
				MTL_FAST_MATH = YES;
				SDKROOT = iphoneos;
				SWIFT_COMPILATION_MODE = wholemodule;
				VALIDATE_PRODUCT = YES;
			};
			name = Release;
		};
		CB5709AB2CE29E6800428A9B /* Debug */ = {
			isa = XCBuildConfiguration;
			baseConfigurationReference = DF0846C59E7CA28802922A84 /* Pods-fareSnap.debug.xcconfig */;
			buildSettings = {
				ASSETCATALOG_COMPILER_APPICON_NAME = AppIcon;
				ASSETCATALOG_COMPILER_GLOBAL_ACCENT_COLOR_NAME = AccentColor;
				CODE_SIGN_STYLE = Automatic;
				CURRENT_PROJECT_VERSION = 1;
				DEVELOPMENT_ASSET_PATHS = "\"fareSnap/Preview Content\"";
				DEVELOPMENT_TEAM = ZTBH29ZRG3;
				ENABLE_PREVIEWS = YES;
				ENABLE_USER_SCRIPT_SANDBOXING = NO;
				GENERATE_INFOPLIST_FILE = YES;
				INFOPLIST_KEY_NSLocationAlwaysAndWhenInUseUsageDescription = "We need your location to show the map";
				INFOPLIST_KEY_NSLocationAlwaysUsageDescription = "We need your location to show the map";
				INFOPLIST_KEY_NSLocationWhenInUseUsageDescription = "We need your location to show the map";
				INFOPLIST_KEY_UIApplicationSceneManifest_Generation = YES;
				INFOPLIST_KEY_UIApplicationSupportsIndirectInputEvents = YES;
				INFOPLIST_KEY_UILaunchScreen_Generation = YES;
				INFOPLIST_KEY_UISupportedInterfaceOrientations_iPad = "UIInterfaceOrientationPortrait UIInterfaceOrientationPortraitUpsideDown UIInterfaceOrientationLandscapeLeft UIInterfaceOrientationLandscapeRight";
				INFOPLIST_KEY_UISupportedInterfaceOrientations_iPhone = "UIInterfaceOrientationPortrait UIInterfaceOrientationLandscapeLeft UIInterfaceOrientationLandscapeRight";
				IPHONEOS_DEPLOYMENT_TARGET = 17.0;
				LD_RUNPATH_SEARCH_PATHS = (
					"$(inherited)",
					"@executable_path/Frameworks",
				);
				MARKETING_VERSION = 1.0;
				PRODUCT_BUNDLE_IDENTIFIER = com.test.com.fareSnap;
				PRODUCT_NAME = "$(TARGET_NAME)";
				SWIFT_EMIT_LOC_STRINGS = YES;
				SWIFT_VERSION = 5.0;
				TARGETED_DEVICE_FAMILY = "1,2";
			};
			name = Debug;
		};
		CB5709AC2CE29E6800428A9B /* Release */ = {
			isa = XCBuildConfiguration;
			baseConfigurationReference = 71688E54441C70C5DA22E3A2 /* Pods-fareSnap.release.xcconfig */;
			buildSettings = {
				ASSETCATALOG_COMPILER_APPICON_NAME = AppIcon;
				ASSETCATALOG_COMPILER_GLOBAL_ACCENT_COLOR_NAME = AccentColor;
				CODE_SIGN_STYLE = Automatic;
				CURRENT_PROJECT_VERSION = 1;
				DEVELOPMENT_ASSET_PATHS = "\"fareSnap/Preview Content\"";
				DEVELOPMENT_TEAM = ZTBH29ZRG3;
				ENABLE_PREVIEWS = YES;
				ENABLE_USER_SCRIPT_SANDBOXING = NO;
				GENERATE_INFOPLIST_FILE = YES;
				INFOPLIST_KEY_NSLocationAlwaysAndWhenInUseUsageDescription = "We need your location to show the map";
				INFOPLIST_KEY_NSLocationAlwaysUsageDescription = "We need your location to show the map";
				INFOPLIST_KEY_NSLocationWhenInUseUsageDescription = "We need your location to show the map";
				INFOPLIST_KEY_UIApplicationSceneManifest_Generation = YES;
				INFOPLIST_KEY_UIApplicationSupportsIndirectInputEvents = YES;
				INFOPLIST_KEY_UILaunchScreen_Generation = YES;
				INFOPLIST_KEY_UISupportedInterfaceOrientations_iPad = "UIInterfaceOrientationPortrait UIInterfaceOrientationPortraitUpsideDown UIInterfaceOrientationLandscapeLeft UIInterfaceOrientationLandscapeRight";
				INFOPLIST_KEY_UISupportedInterfaceOrientations_iPhone = "UIInterfaceOrientationPortrait UIInterfaceOrientationLandscapeLeft UIInterfaceOrientationLandscapeRight";
				IPHONEOS_DEPLOYMENT_TARGET = 17.0;
				LD_RUNPATH_SEARCH_PATHS = (
					"$(inherited)",
					"@executable_path/Frameworks",
				);
				MARKETING_VERSION = 1.0;
				PRODUCT_BUNDLE_IDENTIFIER = com.test.com.fareSnap;
				PRODUCT_NAME = "$(TARGET_NAME)";
				SWIFT_EMIT_LOC_STRINGS = YES;
				SWIFT_VERSION = 5.0;
				TARGETED_DEVICE_FAMILY = "1,2";
			};
			name = Release;
		};
		CB5709AE2CE29E6800428A9B /* Debug */ = {
			isa = XCBuildConfiguration;
			baseConfigurationReference = 78CF4EB494B9F33F66B1520E /* Pods-fareSnapTests.debug.xcconfig */;
			buildSettings = {
				ALWAYS_EMBED_SWIFT_STANDARD_LIBRARIES = YES;
				BUNDLE_LOADER = "$(TEST_HOST)";
				CODE_SIGN_STYLE = Automatic;
				CURRENT_PROJECT_VERSION = 1;
				DEVELOPMENT_TEAM = ZTBH29ZRG3;
				GENERATE_INFOPLIST_FILE = YES;
				IPHONEOS_DEPLOYMENT_TARGET = 17.2;
				MARKETING_VERSION = 1.0;
				PRODUCT_BUNDLE_IDENTIFIER = com.test.com.fareSnapTests;
				PRODUCT_NAME = "$(TARGET_NAME)";
				SWIFT_EMIT_LOC_STRINGS = NO;
				SWIFT_VERSION = 5.0;
				TARGETED_DEVICE_FAMILY = "1,2";
				TEST_HOST = "$(BUILT_PRODUCTS_DIR)/fareSnap.app/$(BUNDLE_EXECUTABLE_FOLDER_PATH)/fareSnap";
			};
			name = Debug;
		};
		CB5709AF2CE29E6800428A9B /* Release */ = {
			isa = XCBuildConfiguration;
			baseConfigurationReference = 95EC2F37C194866342AFDB08 /* Pods-fareSnapTests.release.xcconfig */;
			buildSettings = {
				ALWAYS_EMBED_SWIFT_STANDARD_LIBRARIES = YES;
				BUNDLE_LOADER = "$(TEST_HOST)";
				CODE_SIGN_STYLE = Automatic;
				CURRENT_PROJECT_VERSION = 1;
				DEVELOPMENT_TEAM = ZTBH29ZRG3;
				GENERATE_INFOPLIST_FILE = YES;
				IPHONEOS_DEPLOYMENT_TARGET = 17.2;
				MARKETING_VERSION = 1.0;
				PRODUCT_BUNDLE_IDENTIFIER = com.test.com.fareSnapTests;
				PRODUCT_NAME = "$(TARGET_NAME)";
				SWIFT_EMIT_LOC_STRINGS = NO;
				SWIFT_VERSION = 5.0;
				TARGETED_DEVICE_FAMILY = "1,2";
				TEST_HOST = "$(BUILT_PRODUCTS_DIR)/fareSnap.app/$(BUNDLE_EXECUTABLE_FOLDER_PATH)/fareSnap";
			};
			name = Release;
		};
		CB5709B12CE29E6800428A9B /* Debug */ = {
			isa = XCBuildConfiguration;
			baseConfigurationReference = EA9FC8EC50F1626EA6301C7C /* Pods-fareSnap-fareSnapUITests.debug.xcconfig */;
			buildSettings = {
				ALWAYS_EMBED_SWIFT_STANDARD_LIBRARIES = YES;
				CODE_SIGN_STYLE = Automatic;
				CURRENT_PROJECT_VERSION = 1;
				DEVELOPMENT_TEAM = ZTBH29ZRG3;
				GENERATE_INFOPLIST_FILE = YES;
				MARKETING_VERSION = 1.0;
				PRODUCT_BUNDLE_IDENTIFIER = com.test.com.fareSnapUITests;
				PRODUCT_NAME = "$(TARGET_NAME)";
				SWIFT_EMIT_LOC_STRINGS = NO;
				SWIFT_VERSION = 5.0;
				TARGETED_DEVICE_FAMILY = "1,2";
				TEST_TARGET_NAME = fareSnap;
			};
			name = Debug;
		};
		CB5709B22CE29E6800428A9B /* Release */ = {
			isa = XCBuildConfiguration;
			baseConfigurationReference = 02CCD9ABF0D8AFE19C23750D /* Pods-fareSnap-fareSnapUITests.release.xcconfig */;
			buildSettings = {
				ALWAYS_EMBED_SWIFT_STANDARD_LIBRARIES = YES;
				CODE_SIGN_STYLE = Automatic;
				CURRENT_PROJECT_VERSION = 1;
				DEVELOPMENT_TEAM = ZTBH29ZRG3;
				GENERATE_INFOPLIST_FILE = YES;
				MARKETING_VERSION = 1.0;
				PRODUCT_BUNDLE_IDENTIFIER = com.test.com.fareSnapUITests;
				PRODUCT_NAME = "$(TARGET_NAME)";
				SWIFT_EMIT_LOC_STRINGS = NO;
				SWIFT_VERSION = 5.0;
				TARGETED_DEVICE_FAMILY = "1,2";
				TEST_TARGET_NAME = fareSnap;
			};
			name = Release;
		};
/* End XCBuildConfiguration section */

/* Begin XCConfigurationList section */
		CB57097F2CE29E6700428A9B /* Build configuration list for PBXProject "fareSnap" */ = {
			isa = XCConfigurationList;
			buildConfigurations = (
				CB5709A82CE29E6800428A9B /* Debug */,
				CB5709A92CE29E6800428A9B /* Release */,
			);
			defaultConfigurationIsVisible = 0;
			defaultConfigurationName = Release;
		};
		CB5709AA2CE29E6800428A9B /* Build configuration list for PBXNativeTarget "fareSnap" */ = {
			isa = XCConfigurationList;
			buildConfigurations = (
				CB5709AB2CE29E6800428A9B /* Debug */,
				CB5709AC2CE29E6800428A9B /* Release */,
			);
			defaultConfigurationIsVisible = 0;
			defaultConfigurationName = Release;
		};
		CB5709AD2CE29E6800428A9B /* Build configuration list for PBXNativeTarget "fareSnapTests" */ = {
			isa = XCConfigurationList;
			buildConfigurations = (
				CB5709AE2CE29E6800428A9B /* Debug */,
				CB5709AF2CE29E6800428A9B /* Release */,
			);
			defaultConfigurationIsVisible = 0;
			defaultConfigurationName = Release;
		};
		CB5709B02CE29E6800428A9B /* Build configuration list for PBXNativeTarget "fareSnapUITests" */ = {
			isa = XCConfigurationList;
			buildConfigurations = (
				CB5709B12CE29E6800428A9B /* Debug */,
				CB5709B22CE29E6800428A9B /* Release */,
			);
			defaultConfigurationIsVisible = 0;
			defaultConfigurationName = Release;
		};
/* End XCConfigurationList section */
	};
	rootObject = CB57097C2CE29E6700428A9B /* Project object */;
}
